
Microsoft Visual Studio Solution File, Format Version 12.00
# Visual Studio Version 17
VisualStudioVersion = 17.10.35004.147
MinimumVisualStudioVersion = 10.0.40219.1
Project("{9A19103F-16F7-4668-BE54-9A1E7A4F7556}") = "WoW.Client", "WoW.Client\WoW.Client.csproj", "{C1137D66-31C0-4791-9FA5-9BFA01793B2D}"
EndProject
Project("{2150E333-8FDC-42A3-9474-1A3956D46DE8}") = "Engine", "Engine", "{5268B801-1296-4408-81B7-E948D3AA1B31}"
EndProject
Project("{9A19103F-16F7-4668-BE54-9A1E7A4F7556}") = "Nez.MG38", "Lib\Nez-MG38\Nez.Portable\Nez.MG38.csproj", "{91976B53-262F-4546-8504-E02B62180BE7}"
EndProject
Project("{9A19103F-16F7-4668-BE54-9A1E7A4F7556}") = "Nez.MG38.Persistence", "Lib\Nez-MG38\Nez.Persistence\Nez.MG38.Persistence.csproj", "{1C662633-2416-4028-A6DA-4DB936C5C2EA}"
EndProject
Project("{9A19103F-16F7-4668-BE54-9A1E7A4F7556}") = "Nez.MG38.ImGui", "Lib\Nez-MG38\Nez.ImGui\Nez.MG38.ImGui.csproj", "{62C13F78-733B-4BCE-BE5E-53A2A041A337}"
EndProject
Project("{9A19103F-16F7-4668-BE54-9A1E7A4F7556}") = "LiteNetLib", "Lib\LiteNetLib-0.9.5.2\LiteNetLib\LiteNetLib.csproj", "{886BC44D-9C3E-4EA1-9E06-C77E646BDEAA}"
EndProject
Project("{9A19103F-16F7-4668-BE54-9A1E7A4F7556}") = "WoW.Realmserver", "WoW.Realmserver\WoW.Realmserver.csproj", "{79A97604-A6DB-4129-9126-091E67C5C889}"
EndProject
Project("{9A19103F-16F7-4668-BE54-9A1E7A4F7556}") = "WoW.Authserver", "WoW.Authserver\WoW.Authserver.csproj", "{843ACFE5-E35F-4DF8-A4DC-CCE6608995FA}"
EndProject
Project("{9A19103F-16F7-4668-BE54-9A1E7A4F7556}") = "WoW.Client.Shared", "WoW.Client.Shared\WoW.Client.Shared.csproj", "{2F7FF45F-183A-4C23-9969-D10156A237B7}"
EndProject
Project("{9A19103F-16F7-4668-BE54-9A1E7A4F7556}") = "WoW.Server.Shared", "WoW.Server.Shared\WoW.Server.Shared.csproj", "{91844615-62DC-4500-A5D7-2F65D627918B}"
EndProject
Project("{2150E333-8FDC-42A3-9474-1A3956D46DE8}") = "Solution Items", "Solution Items", "{6F6E891C-EAE6-454F-8817-975D22FBE86C}"
	ProjectSection(SolutionItems) = preProject
		README.md = README.md
	EndProjectSection
EndProject
Project("{9A19103F-16F7-4668-BE54-9A1E7A4F7556}") = "WoW.DevKit", "WoW.DevKit\WoW.DevKit.csproj", "{39BCFA2E-C28E-4563-AB45-BA970F1C7894}"
EndProject
Project("{2150E333-8FDC-42A3-9474-1A3956D46DE8}") = "Server", "Server", "{02EA681E-C7D8-13C7-8484-4AC65E1B71E8}"
EndProject
Project("{2150E333-8FDC-42A3-9474-1A3956D46DE8}") = "Tools", "Tools", "{E93DA6F9-D960-4809-948C-F24F754DDE10}"
EndProject
Project("{2150E333-8FDC-42A3-9474-1A3956D46DE8}") = "Libs", "Libs", "{8293E068-EBF5-4902-B806-4F93D4250115}"
EndProject
Project("{FAE04EC0-301F-11D3-BF4B-00C04F79EFBC}") = "WoW.Web", "WoW.Web\WoW.Web.csproj", "{4656A54B-DC93-4942-B598-8F15AA99BB17}"
EndProject
Project("{FAE04EC0-301F-11D3-BF4B-00C04F79EFBC}") = "WoW.WPF.Launcher", "WoW.WPF.Launcher\WoW.WPF.Launcher.csproj", "{43265D9B-AADB-4F76-97F2-55C845C3185E}"
EndProject
Global
	GlobalSection(SolutionConfigurationPlatforms) = preSolution
		Debug|Any CPU = Debug|Any CPU
		Release|Any CPU = Release|Any CPU
	EndGlobalSection
	GlobalSection(ProjectConfigurationPlatforms) = postSolution
		{C1137D66-31C0-4791-9FA5-9BFA01793B2D}.Debug|Any CPU.ActiveCfg = Debug|Any CPU
		{C1137D66-31C0-4791-9FA5-9BFA01793B2D}.Debug|Any CPU.Build.0 = Debug|Any CPU
		{C1137D66-31C0-4791-9FA5-9BFA01793B2D}.Release|Any CPU.ActiveCfg = Release|Any CPU
		{C1137D66-31C0-4791-9FA5-9BFA01793B2D}.Release|Any CPU.Build.0 = Release|Any CPU
		{91976B53-262F-4546-8504-E02B62180BE7}.Debug|Any CPU.ActiveCfg = Debug|Any CPU
		{91976B53-262F-4546-8504-E02B62180BE7}.Debug|Any CPU.Build.0 = Debug|Any CPU
		{91976B53-262F-4546-8504-E02B62180BE7}.Release|Any CPU.ActiveCfg = Release|Any CPU
		{91976B53-262F-4546-8504-E02B62180BE7}.Release|Any CPU.Build.0 = Release|Any CPU
		{1C662633-2416-4028-A6DA-4DB936C5C2EA}.Debug|Any CPU.ActiveCfg = Debug|Any CPU
		{1C662633-2416-4028-A6DA-4DB936C5C2EA}.Debug|Any CPU.Build.0 = Debug|Any CPU
		{1C662633-2416-4028-A6DA-4DB936C5C2EA}.Release|Any CPU.ActiveCfg = Release|Any CPU
		{1C662633-2416-4028-A6DA-4DB936C5C2EA}.Release|Any CPU.Build.0 = Release|Any CPU
		{62C13F78-733B-4BCE-BE5E-53A2A041A337}.Debug|Any CPU.ActiveCfg = Debug|Any CPU
		{62C13F78-733B-4BCE-BE5E-53A2A041A337}.Debug|Any CPU.Build.0 = Debug|Any CPU
		{62C13F78-733B-4BCE-BE5E-53A2A041A337}.Release|Any CPU.ActiveCfg = Release|Any CPU
		{62C13F78-733B-4BCE-BE5E-53A2A041A337}.Release|Any CPU.Build.0 = Release|Any CPU
		{886BC44D-9C3E-4EA1-9E06-C77E646BDEAA}.Debug|Any CPU.ActiveCfg = Debug|Any CPU
		{886BC44D-9C3E-4EA1-9E06-C77E646BDEAA}.Debug|Any CPU.Build.0 = Debug|Any CPU
		{886BC44D-9C3E-4EA1-9E06-C77E646BDEAA}.Release|Any CPU.ActiveCfg = Release|Any CPU
		{886BC44D-9C3E-4EA1-9E06-C77E646BDEAA}.Release|Any CPU.Build.0 = Release|Any CPU
		{79A97604-A6DB-4129-9126-091E67C5C889}.Debug|Any CPU.ActiveCfg = Debug|Any CPU
		{79A97604-A6DB-4129-9126-091E67C5C889}.Debug|Any CPU.Build.0 = Debug|Any CPU
		{79A97604-A6DB-4129-9126-091E67C5C889}.Release|Any CPU.ActiveCfg = Release|Any CPU
		{79A97604-A6DB-4129-9126-091E67C5C889}.Release|Any CPU.Build.0 = Release|Any CPU
		{843ACFE5-E35F-4DF8-A4DC-CCE6608995FA}.Debug|Any CPU.ActiveCfg = Debug|Any CPU
		{843ACFE5-E35F-4DF8-A4DC-CCE6608995FA}.Debug|Any CPU.Build.0 = Debug|Any CPU
		{843ACFE5-E35F-4DF8-A4DC-CCE6608995FA}.Release|Any CPU.ActiveCfg = Release|Any CPU
		{843ACFE5-E35F-4DF8-A4DC-CCE6608995FA}.Release|Any CPU.Build.0 = Release|Any CPU
		{2F7FF45F-183A-4C23-9969-D10156A237B7}.Debug|Any CPU.ActiveCfg = Debug|Any CPU
		{2F7FF45F-183A-4C23-9969-D10156A237B7}.Debug|Any CPU.Build.0 = Debug|Any CPU
		{2F7FF45F-183A-4C23-9969-D10156A237B7}.Release|Any CPU.ActiveCfg = Release|Any CPU
		{2F7FF45F-183A-4C23-9969-D10156A237B7}.Release|Any CPU.Build.0 = Release|Any CPU
		{91844615-62DC-4500-A5D7-2F65D627918B}.Debug|Any CPU.ActiveCfg = Debug|Any CPU
		{91844615-62DC-4500-A5D7-2F65D627918B}.Debug|Any CPU.Build.0 = Debug|Any CPU
		{91844615-62DC-4500-A5D7-2F65D627918B}.Release|Any CPU.ActiveCfg = Release|Any CPU
		{91844615-62DC-4500-A5D7-2F65D627918B}.Release|Any CPU.Build.0 = Release|Any CPU
		{39BCFA2E-C28E-4563-AB45-BA970F1C7894}.Debug|Any CPU.ActiveCfg = Debug|Any CPU
		{39BCFA2E-C28E-4563-AB45-BA970F1C7894}.Debug|Any CPU.Build.0 = Debug|Any CPU
		{39BCFA2E-C28E-4563-AB45-BA970F1C7894}.Release|Any CPU.ActiveCfg = Release|Any CPU
		{39BCFA2E-C28E-4563-AB45-BA970F1C7894}.Release|Any CPU.Build.0 = Release|Any CPU
		{4656A54B-DC93-4942-B598-8F15AA99BB17}.Debug|Any CPU.ActiveCfg = Debug|Any CPU
		{4656A54B-DC93-4942-B598-8F15AA99BB17}.Debug|Any CPU.Build.0 = Debug|Any CPU
		{4656A54B-DC93-4942-B598-8F15AA99BB17}.Release|Any CPU.ActiveCfg = Release|Any CPU
		{4656A54B-DC93-4942-B598-8F15AA99BB17}.Release|Any CPU.Build.0 = Release|Any CPU
		{43265D9B-AADB-4F76-97F2-55C845C3185E}.Debug|Any CPU.ActiveCfg = Debug|Any CPU
		{43265D9B-AADB-4F76-97F2-55C845C3185E}.Debug|Any CPU.Build.0 = Debug|Any CPU
		{43265D9B-AADB-4F76-97F2-55C845C3185E}.Release|Any CPU.ActiveCfg = Release|Any CPU
		{43265D9B-AADB-4F76-97F2-55C845C3185E}.Release|Any CPU.Build.0 = Release|Any CPU
	EndGlobalSection
	GlobalSection(SolutionProperties) = preSolution
		HideSolutionNode = FALSE
	EndGlobalSection
	GlobalSection(NestedProjects) = preSolution
		{91976B53-262F-4546-8504-E02B62180BE7} = {5268B801-1296-4408-81B7-E948D3AA1B31}
		{1C662633-2416-4028-A6DA-4DB936C5C2EA} = {5268B801-1296-4408-81B7-E948D3AA1B31}
		{62C13F78-733B-4BCE-BE5E-53A2A041A337} = {5268B801-1296-4408-81B7-E948D3AA1B31}
		{886BC44D-9C3E-4EA1-9E06-C77E646BDEAA} = {5268B801-1296-4408-81B7-E948D3AA1B31}
		{79A97604-A6DB-4129-9126-091E67C5C889} = {02EA681E-C7D8-13C7-8484-4AC65E1B71E8}
		{843ACFE5-E35F-4DF8-A4DC-CCE6608995FA} = {02EA681E-C7D8-13C7-8484-4AC65E1B71E8}
		{2F7FF45F-183A-4C23-9969-D10156A237B7} = {8293E068-EBF5-4902-B806-4F93D4250115}
		{91844615-62DC-4500-A5D7-2F65D627918B} = {8293E068-EBF5-4902-B806-4F93D4250115}
		{39BCFA2E-C28E-4563-AB45-BA970F1C7894} = {E93DA6F9-D960-4809-948C-F24F754DDE10}
		{4656A54B-DC93-4942-B598-8F15AA99BB17} = {02EA681E-C7D8-13C7-8484-4AC65E1B71E8}
	EndGlobalSection
	GlobalSection(ExtensibilityGlobals) = postSolution
		SolutionGuid = {8637C730-ABA5-40F2-9514-EC7BB6040FF7}
	EndGlobalSection
EndGlobal
